
Microsoft Visual Studio Solution File, Format Version 12.00
# Visual Studio Version 17
VisualStudioVersion = 17.3.32804.467
MinimumVisualStudioVersion = 10.0.40219.1
Project("{FAE04EC0-301F-11D3-BF4B-00C04F79EFBC}") = "MagicVilla_VillaAPI", "MagicVilla_VillaAPI\MagicVilla_VillaAPI.csproj", "{1067F73B-D1FE-4F56-A1B7-50F3E6AE5901}"
EndProject
Global
	GlobalSection(SolutionConfigurationPlatforms) = preSolution
		Debug|Any CPU = Debug|Any CPU
		Release|Any CPU = Release|Any CPU
	EndGlobalSection
	GlobalSection(ProjectConfigurationPlatforms) = postSolution
		{1067F73B-D1FE-4F56-A1B7-50F3E6AE5901}.Debug|Any CPU.ActiveCfg = Debug|Any CPU
		{1067F73B-D1FE-4F56-A1B7-50F3E6AE5901}.Debug|Any CPU.Build.0 = Debug|Any CPU
		{1067F73B-D1FE-4F56-A1B7-50F3E6AE5901}.Release|Any CPU.ActiveCfg = Release|Any CPU
		{1067F73B-D1FE-4F56-A1B7-50F3E6AE5901}.Release|Any CPU.Build.0 = Release|Any CPU
	EndGlobalSection
	GlobalSection(SolutionProperties) = preSolution
		HideSolutionNode = FALSE
	EndGlobalSection
	GlobalSection(ExtensibilityGlobals) = postSolution
		SolutionGuid = {C9F6155D-A1A5-41F7-BC7E-A10D2B401DB4}
	EndGlobalSection
EndGlobal
